// !$*UTF8*$!
{
	archiveVersion = 1;
	classes = {
	};
	objectVersion = 55;
	objects = {

/* Begin PBXBuildFile section */
		67A9D03027E63163000C0059 /* ResultViewController.swift in Sources */ = {isa = PBXBuildFile; fileRef = 67A9D02F27E63163000C0059 /* ResultViewController.swift */; };
		67A9D03227E6E817000C0059 /* siren.png in Resources */ = {isa = PBXBuildFile; fileRef = 67A9D03127E6E817000C0059 /* siren.png */; };
		67A9D03427E6EA1B000C0059 /* redButton.png in Resources */ = {isa = PBXBuildFile; fileRef = 67A9D03327E6EA1B000C0059 /* redButton.png */; };
		67A9D03627E6F8B0000C0059 /* Spaceship Alarm.mp3 in Resources */ = {isa = PBXBuildFile; fileRef = 67A9D03527E6F8B0000C0059 /* Spaceship Alarm.mp3 */; };
		67C7ECAF27E5E7990092A561 /* AppDelegate.swift in Sources */ = {isa = PBXBuildFile; fileRef = 67C7ECAE27E5E7990092A561 /* AppDelegate.swift */; };
		67C7ECB127E5E7990092A561 /* SceneDelegate.swift in Sources */ = {isa = PBXBuildFile; fileRef = 67C7ECB027E5E7990092A561 /* SceneDelegate.swift */; };
		67C7ECB327E5E7990092A561 /* MainViewController.swift in Sources */ = {isa = PBXBuildFile; fileRef = 67C7ECB227E5E7990092A561 /* MainViewController.swift */; };
		67C7ECB627E5E7990092A561 /* Main.storyboard in Resources */ = {isa = PBXBuildFile; fileRef = 67C7ECB427E5E7990092A561 /* Main.storyboard */; };
		67C7ECB827E5E79B0092A561 /* Assets.xcassets in Resources */ = {isa = PBXBuildFile; fileRef = 67C7ECB727E5E79B0092A561 /* Assets.xcassets */; };
		67C7ECBB27E5E79B0092A561 /* LaunchScreen.storyboard in Resources */ = {isa = PBXBuildFile; fileRef = 67C7ECB927E5E79B0092A561 /* LaunchScreen.storyboard */; };
		67C7ECC327E5E8770092A561 /* 제목 없는 디자인.png in Resources */ = {isa = PBXBuildFile; fileRef = 67C7ECC227E5E8770092A561 /* 제목 없는 디자인.png */; };
		67C7ECCA27E607790092A561 /* sosButton.png in Resources */ = {isa = PBXBuildFile; fileRef = 67C7ECC927E607790092A561 /* sosButton.png */; };
		67F42BAE27F4AE6500CFD593 /* TableViewController.swift in Sources */ = {isa = PBXBuildFile; fileRef = 67F42BAD27F4AE6500CFD593 /* TableViewController.swift */; };
		67F42BB027F4AED300CFD593 /* Contact.swift in Sources */ = {isa = PBXBuildFile; fileRef = 67F42BAF27F4AED300CFD593 /* Contact.swift */; };
		67F6CE1C27F4B29B006B76EB /* TableViewCell.swift in Sources */ = {isa = PBXBuildFile; fileRef = 67F6CE1A27F4B29B006B76EB /* TableViewCell.swift */; };
		67F6CE1D27F4B29B006B76EB /* TableViewCell.xib in Resources */ = {isa = PBXBuildFile; fileRef = 67F6CE1B27F4B29B006B76EB /* TableViewCell.xib */; };
		67F6CE1F27F4D163006B76EB /* AddViewController.swift in Sources */ = {isa = PBXBuildFile; fileRef = 67F6CE1E27F4D163006B76EB /* AddViewController.swift */; };
/* End PBXBuildFile section */

/* Begin PBXFileReference section */
		67A9D02F27E63163000C0059 /* ResultViewController.swift */ = {isa = PBXFileReference; lastKnownFileType = sourcecode.swift; path = ResultViewController.swift; sourceTree = "<group>"; };
		67A9D03127E6E817000C0059 /* siren.png */ = {isa = PBXFileReference; lastKnownFileType = image.png; path = siren.png; sourceTree = "<group>"; };
		67A9D03327E6EA1B000C0059 /* redButton.png */ = {isa = PBXFileReference; lastKnownFileType = image.png; path = redButton.png; sourceTree = "<group>"; };
		67A9D03527E6F8B0000C0059 /* Spaceship Alarm.mp3 */ = {isa = PBXFileReference; lastKnownFileType = audio.mp3; path = "Spaceship Alarm.mp3"; sourceTree = "<group>"; };
		67C7ECAB27E5E7990092A561 /* Sos.app */ = {isa = PBXFileReference; explicitFileType = wrapper.application; includeInIndex = 0; path = Sos.app; sourceTree = BUILT_PRODUCTS_DIR; };
		67C7ECAE27E5E7990092A561 /* AppDelegate.swift */ = {isa = PBXFileReference; lastKnownFileType = sourcecode.swift; path = AppDelegate.swift; sourceTree = "<group>"; };
		67C7ECB027E5E7990092A561 /* SceneDelegate.swift */ = {isa = PBXFileReference; lastKnownFileType = sourcecode.swift; path = SceneDelegate.swift; sourceTree = "<group>"; };
		67C7ECB227E5E7990092A561 /* MainViewController.swift */ = {isa = PBXFileReference; lastKnownFileType = sourcecode.swift; path = MainViewController.swift; sourceTree = "<group>"; };
		67C7ECB527E5E7990092A561 /* Base */ = {isa = PBXFileReference; lastKnownFileType = file.storyboard; name = Base; path = Base.lproj/Main.storyboard; sourceTree = "<group>"; };
		67C7ECB727E5E79B0092A561 /* Assets.xcassets */ = {isa = PBXFileReference; lastKnownFileType = folder.assetcatalog; path = Assets.xcassets; sourceTree = "<group>"; };
		67C7ECBA27E5E79B0092A561 /* Base */ = {isa = PBXFileReference; lastKnownFileType = file.storyboard; name = Base; path = Base.lproj/LaunchScreen.storyboard; sourceTree = "<group>"; };
		67C7ECBC27E5E79B0092A561 /* Info.plist */ = {isa = PBXFileReference; lastKnownFileType = text.plist.xml; path = Info.plist; sourceTree = "<group>"; };
		67C7ECC227E5E8770092A561 /* 제목 없는 디자인.png */ = {isa = PBXFileReference; lastKnownFileType = image.png; path = "제목 없는 디자인.png"; sourceTree = "<group>"; };
		67C7ECC927E607790092A561 /* sosButton.png */ = {isa = PBXFileReference; lastKnownFileType = image.png; path = sosButton.png; sourceTree = "<group>"; };
		67F42BAD27F4AE6500CFD593 /* TableViewController.swift */ = {isa = PBXFileReference; lastKnownFileType = sourcecode.swift; path = TableViewController.swift; sourceTree = "<group>"; };
		67F42BAF27F4AED300CFD593 /* Contact.swift */ = {isa = PBXFileReference; lastKnownFileType = sourcecode.swift; path = Contact.swift; sourceTree = "<group>"; };
		67F6CE1A27F4B29B006B76EB /* TableViewCell.swift */ = {isa = PBXFileReference; lastKnownFileType = sourcecode.swift; path = TableViewCell.swift; sourceTree = "<group>"; };
		67F6CE1B27F4B29B006B76EB /* TableViewCell.xib */ = {isa = PBXFileReference; lastKnownFileType = file.xib; path = TableViewCell.xib; sourceTree = "<group>"; };
		67F6CE1E27F4D163006B76EB /* AddViewController.swift */ = {isa = PBXFileReference; lastKnownFileType = sourcecode.swift; path = AddViewController.swift; sourceTree = "<group>"; };
/* End PBXFileReference section */

/* Begin PBXFrameworksBuildPhase section */
		67C7ECA827E5E7990092A561 /* Frameworks */ = {
			isa = PBXFrameworksBuildPhase;
			buildActionMask = 2147483647;
			files = (
			);
			runOnlyForDeploymentPostprocessing = 0;
		};
/* End PBXFrameworksBuildPhase section */

/* Begin PBXGroup section */
		67C7ECA227E5E7990092A561 = {
			isa = PBXGroup;
			children = (
				67C7ECAD27E5E7990092A561 /* Sos */,
				67C7ECAC27E5E7990092A561 /* Products */,
			);
			sourceTree = "<group>";
		};
		67C7ECAC27E5E7990092A561 /* Products */ = {
			isa = PBXGroup;
			children = (
				67C7ECAB27E5E7990092A561 /* Sos.app */,
			);
			name = Products;
			sourceTree = "<group>";
		};
		67C7ECAD27E5E7990092A561 /* Sos */ = {
			isa = PBXGroup;
			children = (
				67C7ECC627E5EB6C0092A561 /* Model */,
				67C7ECC527E5EB610092A561 /* View */,
				67C7ECC427E5EB530092A561 /* Controller */,
				67C7ECAE27E5E7990092A561 /* AppDelegate.swift */,
				67C7ECB027E5E7990092A561 /* SceneDelegate.swift */,
				67C7ECB727E5E79B0092A561 /* Assets.xcassets */,
				67C7ECB927E5E79B0092A561 /* LaunchScreen.storyboard */,
				67C7ECBC27E5E79B0092A561 /* Info.plist */,
				67C7ECCB27E607850092A561 /* Image */,
			);
			path = Sos;
			sourceTree = "<group>";
		};
		67C7ECC427E5EB530092A561 /* Controller */ = {
			isa = PBXGroup;
			children = (
				67C7ECB227E5E7990092A561 /* MainViewController.swift */,
				67A9D02F27E63163000C0059 /* ResultViewController.swift */,
				67F42BAD27F4AE6500CFD593 /* TableViewController.swift */,
				67F6CE1E27F4D163006B76EB /* AddViewController.swift */,
			);
			path = Controller;
			sourceTree = "<group>";
		};
		67C7ECC527E5EB610092A561 /* View */ = {
			isa = PBXGroup;
			children = (
				67C7ECB427E5E7990092A561 /* Main.storyboard */,
				67F6CE1A27F4B29B006B76EB /* TableViewCell.swift */,
				67F6CE1B27F4B29B006B76EB /* TableViewCell.xib */,
			);
			path = View;
			sourceTree = "<group>";
		};
		67C7ECC627E5EB6C0092A561 /* Model */ = {
			isa = PBXGroup;
			children = (
				67F42BAF27F4AED300CFD593 /* Contact.swift */,
			);
			path = Model;
			sourceTree = "<group>";
		};
		67C7ECCB27E607850092A561 /* Image */ = {
			isa = PBXGroup;
			children = (
				67A9D03527E6F8B0000C0059 /* Spaceship Alarm.mp3 */,
				67A9D03127E6E817000C0059 /* siren.png */,
				67C7ECC927E607790092A561 /* sosButton.png */,
				67C7ECC227E5E8770092A561 /* 제목 없는 디자인.png */,
				67A9D03327E6EA1B000C0059 /* redButton.png */,
			);
			path = Image;
			sourceTree = "<group>";
		};
/* End PBXGroup section */

/* Begin PBXNativeTarget section */
		67C7ECAA27E5E7990092A561 /* Sos */ = {
			isa = PBXNativeTarget;
			buildConfigurationList = 67C7ECBF27E5E79B0092A561 /* Build configuration list for PBXNativeTarget "Sos" */;
			buildPhases = (
				67C7ECA727E5E7990092A561 /* Sources */,
				67C7ECA827E5E7990092A561 /* Frameworks */,
				67C7ECA927E5E7990092A561 /* Resources */,
			);
			buildRules = (
			);
			dependencies = (
			);
			name = Sos;
			productName = Sos;
			productReference = 67C7ECAB27E5E7990092A561 /* Sos.app */;
			productType = "com.apple.product-type.application";
		};
/* End PBXNativeTarget section */

/* Begin PBXProject section */
		67C7ECA327E5E7990092A561 /* Project object */ = {
			isa = PBXProject;
			attributes = {
				BuildIndependentTargetsInParallel = 1;
				LastSwiftUpdateCheck = 1320;
				LastUpgradeCheck = 1320;
				TargetAttributes = {
					67C7ECAA27E5E7990092A561 = {
						CreatedOnToolsVersion = 13.2.1;
					};
				};
			};
			buildConfigurationList = 67C7ECA627E5E7990092A561 /* Build configuration list for PBXProject "Sos" */;
			compatibilityVersion = "Xcode 13.0";
			developmentRegion = en;
			hasScannedForEncodings = 0;
			knownRegions = (
				en,
				Base,
			);
			mainGroup = 67C7ECA227E5E7990092A561;
			productRefGroup = 67C7ECAC27E5E7990092A561 /* Products */;
			projectDirPath = "";
			projectRoot = "";
			targets = (
				67C7ECAA27E5E7990092A561 /* Sos */,
			);
		};
/* End PBXProject section */

/* Begin PBXResourcesBuildPhase section */
		67C7ECA927E5E7990092A561 /* Resources */ = {
			isa = PBXResourcesBuildPhase;
			buildActionMask = 2147483647;
			files = (
				67C7ECBB27E5E79B0092A561 /* LaunchScreen.storyboard in Resources */,
				67A9D03227E6E817000C0059 /* siren.png in Resources */,
				67C7ECC327E5E8770092A561 /* 제목 없는 디자인.png in Resources */,
				67A9D03427E6EA1B000C0059 /* redButton.png in Resources */,
				67F6CE1D27F4B29B006B76EB /* TableViewCell.xib in Resources */,
				67C7ECB827E5E79B0092A561 /* Assets.xcassets in Resources */,
				67C7ECB627E5E7990092A561 /* Main.storyboard in Resources */,
				67A9D03627E6F8B0000C0059 /* Spaceship Alarm.mp3 in Resources */,
				67C7ECCA27E607790092A561 /* sosButton.png in Resources */,
			);
			runOnlyForDeploymentPostprocessing = 0;
		};
/* End PBXResourcesBuildPhase section */

/* Begin PBXSourcesBuildPhase section */
		67C7ECA727E5E7990092A561 /* Sources */ = {
			isa = PBXSourcesBuildPhase;
			buildActionMask = 2147483647;
			files = (
				67F42BB027F4AED300CFD593 /* Contact.swift in Sources */,
				67F42BAE27F4AE6500CFD593 /* TableViewController.swift in Sources */,
				67F6CE1F27F4D163006B76EB /* AddViewController.swift in Sources */,
				67C7ECB327E5E7990092A561 /* MainViewController.swift in Sources */,
				67C7ECAF27E5E7990092A561 /* AppDelegate.swift in Sources */,
				67C7ECB127E5E7990092A561 /* SceneDelegate.swift in Sources */,
				67F6CE1C27F4B29B006B76EB /* TableViewCell.swift in Sources */,
				67A9D03027E63163000C0059 /* ResultViewController.swift in Sources */,
			);
			runOnlyForDeploymentPostprocessing = 0;
		};
/* End PBXSourcesBuildPhase section */

/* Begin PBXVariantGroup section */
		67C7ECB427E5E7990092A561 /* Main.storyboard */ = {
			isa = PBXVariantGroup;
			children = (
				67C7ECB527E5E7990092A561 /* Base */,
			);
			name = Main.storyboard;
			sourceTree = "<group>";
		};
		67C7ECB927E5E79B0092A561 /* LaunchScreen.storyboard */ = {
			isa = PBXVariantGroup;
			children = (
				67C7ECBA27E5E79B0092A561 /* Base */,
			);
			name = LaunchScreen.storyboard;
			sourceTree = "<group>";
		};
/* End PBXVariantGroup section */

/* Begin XCBuildConfiguration section */
		67C7ECBD27E5E79B0092A561 /* Debug */ = {
			isa = XCBuildConfiguration;
			buildSettings = {
				ALWAYS_SEARCH_USER_PATHS = NO;
				CLANG_ANALYZER_NONNULL = YES;
				CLANG_ANALYZER_NUMBER_OBJECT_CONVERSION = YES_AGGRESSIVE;
				CLANG_CXX_LANGUAGE_STANDARD = "gnu++17";
				CLANG_CXX_LIBRARY = "libc++";
				CLANG_ENABLE_MODULES = YES;
				CLANG_ENABLE_OBJC_ARC = YES;
				CLANG_ENABLE_OBJC_WEAK = YES;
				CLANG_WARN_BLOCK_CAPTURE_AUTORELEASING = YES;
				CLANG_WARN_BOOL_CONVERSION = YES;
				CLANG_WARN_COMMA = YES;
				CLANG_WARN_CONSTANT_CONVERSION = YES;
				CLANG_WARN_DEPRECATED_OBJC_IMPLEMENTATIONS = YES;
				CLANG_WARN_DIRECT_OBJC_ISA_USAGE = YES_ERROR;
				CLANG_WARN_DOCUMENTATION_COMMENTS = YES;
				CLANG_WARN_EMPTY_BODY = YES;
				CLANG_WARN_ENUM_CONVERSION = YES;
				CLANG_WARN_INFINITE_RECURSION = YES;
				CLANG_WARN_INT_CONVERSION = YES;
				CLANG_WARN_NON_LITERAL_NULL_CONVERSION = YES;
				CLANG_WARN_OBJC_IMPLICIT_RETAIN_SELF = YES;
				CLANG_WARN_OBJC_LITERAL_CONVERSION = YES;
				CLANG_WARN_OBJC_ROOT_CLASS = YES_ERROR;
				CLANG_WARN_QUOTED_INCLUDE_IN_FRAMEWORK_HEADER = YES;
				CLANG_WARN_RANGE_LOOP_ANALYSIS = YES;
				CLANG_WARN_STRICT_PROTOTYPES = YES;
				CLANG_WARN_SUSPICIOUS_MOVE = YES;
				CLANG_WARN_UNGUARDED_AVAILABILITY = YES_AGGRESSIVE;
				CLANG_WARN_UNREACHABLE_CODE = YES;
				CLANG_WARN__DUPLICATE_METHOD_MATCH = YES;
				COPY_PHASE_STRIP = NO;
				DEBUG_INFORMATION_FORMAT = dwarf;
				ENABLE_STRICT_OBJC_MSGSEND = YES;
				ENABLE_TESTABILITY = YES;
				GCC_C_LANGUAGE_STANDARD = gnu11;
				GCC_DYNAMIC_NO_PIC = NO;
				GCC_NO_COMMON_BLOCKS = YES;
				GCC_OPTIMIZATION_LEVEL = 0;
				GCC_PREPROCESSOR_DEFINITIONS = (
					"DEBUG=1",
					"$(inherited)",
				);
				GCC_WARN_64_TO_32_BIT_CONVERSION = YES;
				GCC_WARN_ABOUT_RETURN_TYPE = YES_ERROR;
				GCC_WARN_UNDECLARED_SELECTOR = YES;
				GCC_WARN_UNINITIALIZED_AUTOS = YES_AGGRESSIVE;
				GCC_WARN_UNUSED_FUNCTION = YES;
				GCC_WARN_UNUSED_VARIABLE = YES;
				IPHONEOS_DEPLOYMENT_TARGET = 15.2;
				MTL_ENABLE_DEBUG_INFO = INCLUDE_SOURCE;
				MTL_FAST_MATH = YES;
				ONLY_ACTIVE_ARCH = YES;
				SDKROOT = iphoneos;
				SWIFT_ACTIVE_COMPILATION_CONDITIONS = DEBUG;
				SWIFT_OPTIMIZATION_LEVEL = "-Onone";
			};
			name = Debug;
		};
		67C7ECBE27E5E79B0092A561 /* Release */ = {
			isa = XCBuildConfiguration;
			buildSettings = {
				ALWAYS_SEARCH_USER_PATHS = NO;
				CLANG_ANALYZER_NONNULL = YES;
				CLANG_ANALYZER_NUMBER_OBJECT_CONVERSION = YES_AGGRESSIVE;
				CLANG_CXX_LANGUAGE_STANDARD = "gnu++17";
				CLANG_CXX_LIBRARY = "libc++";
				CLANG_ENABLE_MODULES = YES;
				CLANG_ENABLE_OBJC_ARC = YES;
				CLANG_ENABLE_OBJC_WEAK = YES;
				CLANG_WARN_BLOCK_CAPTURE_AUTORELEASING = YES;
				CLANG_WARN_BOOL_CONVERSION = YES;
				CLANG_WARN_COMMA = YES;
				CLANG_WARN_CONSTANT_CONVERSION = YES;
				CLANG_WARN_DEPRECATED_OBJC_IMPLEMENTATIONS = YES;
				CLANG_WARN_DIRECT_OBJC_ISA_USAGE = YES_ERROR;
				CLANG_WARN_DOCUMENTATION_COMMENTS = YES;
				CLANG_WARN_EMPTY_BODY = YES;
				CLANG_WARN_ENUM_CONVERSION = YES;
				CLANG_WARN_INFINITE_RECURSION = YES;
				CLANG_WARN_INT_CONVERSION = YES;
				CLANG_WARN_NON_LITERAL_NULL_CONVERSION = YES;
				CLANG_WARN_OBJC_IMPLICIT_RETAIN_SELF = YES;
				CLANG_WARN_OBJC_LITERAL_CONVERSION = YES;
				CLANG_WARN_OBJC_ROOT_CLASS = YES_ERROR;
				CLANG_WARN_QUOTED_INCLUDE_IN_FRAMEWORK_HEADER = YES;
				CLANG_WARN_RANGE_LOOP_ANALYSIS = YES;
				CLANG_WARN_STRICT_PROTOTYPES = YES;
				CLANG_WARN_SUSPICIOUS_MOVE = YES;
				CLANG_WARN_UNGUARDED_AVAILABILITY = YES_AGGRESSIVE;
				CLANG_WARN_UNREACHABLE_CODE = YES;
				CLANG_WARN__DUPLICATE_METHOD_MATCH = YES;
				COPY_PHASE_STRIP = NO;
				DEBUG_INFORMATION_FORMAT = "dwarf-with-dsym";
				ENABLE_NS_ASSERTIONS = NO;
				ENABLE_STRICT_OBJC_MSGSEND = YES;
				GCC_C_LANGUAGE_STANDARD = gnu11;
				GCC_NO_COMMON_BLOCKS = YES;
				GCC_WARN_64_TO_32_BIT_CONVERSION = YES;
				GCC_WARN_ABOUT_RETURN_TYPE = YES_ERROR;
				GCC_WARN_UNDECLARED_SELECTOR = YES;
				GCC_WARN_UNINITIALIZED_AUTOS = YES_AGGRESSIVE;
				GCC_WARN_UNUSED_FUNCTION = YES;
				GCC_WARN_UNUSED_VARIABLE = YES;
				IPHONEOS_DEPLOYMENT_TARGET = 15.2;
				MTL_ENABLE_DEBUG_INFO = NO;
				MTL_FAST_MATH = YES;
				SDKROOT = iphoneos;
				SWIFT_COMPILATION_MODE = wholemodule;
				SWIFT_OPTIMIZATION_LEVEL = "-O";
				VALIDATE_PRODUCT = YES;
			};
			name = Release;
		};
		67C7ECC027E5E79B0092A561 /* Debug */ = {
			isa = XCBuildConfiguration;
			buildSettings = {
				ASSETCATALOG_COMPILER_APPICON_NAME = AppIcon;
				ASSETCATALOG_COMPILER_GLOBAL_ACCENT_COLOR_NAME = AccentColor;
				CODE_SIGN_STYLE = Automatic;
				CURRENT_PROJECT_VERSION = 1;
				DEVELOPMENT_TEAM = XXJ2YB9QP5;
				GENERATE_INFOPLIST_FILE = YES;
				INFOPLIST_FILE = Sos/Info.plist;
				INFOPLIST_KEY_NSLocationWhenInUseUsageDescription = "앱을 열때마다 위치주소 가져오기 허용";
				INFOPLIST_KEY_UIApplicationSupportsIndirectInputEvents = YES;
				INFOPLIST_KEY_UILaunchStoryboardName = LaunchScreen;
				INFOPLIST_KEY_UIMainStoryboardFile = Main;
				INFOPLIST_KEY_UISupportedInterfaceOrientations = UIInterfaceOrientationPortrait;
				INFOPLIST_KEY_UISupportedInterfaceOrientations_iPad = "UIInterfaceOrientationPortrait UIInterfaceOrientationPortraitUpsideDown UIInterfaceOrientationLandscapeLeft UIInterfaceOrientationLandscapeRight";
				INFOPLIST_KEY_UISupportedInterfaceOrientations_iPhone = "UIInterfaceOrientationPortrait UIInterfaceOrientationLandscapeLeft UIInterfaceOrientationLandscapeRight";
				LD_RUNPATH_SEARCH_PATHS = (
					"$(inherited)",
					"@executable_path/Frameworks",
				);
				MARKETING_VERSION = 1.0;
				PRODUCT_BUNDLE_IDENTIFIER = com.choi.Sos.youjae;
				PRODUCT_NAME = "$(TARGET_NAME)";
				SWIFT_EMIT_LOC_STRINGS = YES;
				SWIFT_VERSION = 5.0;
				TARGETED_DEVICE_FAMILY = "1,2";
			};
			name = Debug;
		};
		67C7ECC127E5E79B0092A561 /* Release */ = {
			isa = XCBuildConfiguration;
			buildSettings = {
				ASSETCATALOG_COMPILER_APPICON_NAME = AppIcon;
				ASSETCATALOG_COMPILER_GLOBAL_ACCENT_COLOR_NAME = AccentColor;
				CODE_SIGN_STYLE = Automatic;
				CURRENT_PROJECT_VERSION = 1;
				DEVELOPMENT_TEAM = XXJ2YB9QP5;
				GENERATE_INFOPLIST_FILE = YES;
				INFOPLIST_FILE = Sos/Info.plist;
				INFOPLIST_KEY_NSLocationWhenInUseUsageDescription = "앱을 열때마다 위치주소 가져오기 허용";
				INFOPLIST_KEY_UIApplicationSupportsIndirectInputEvents = YES;
				INFOPLIST_KEY_UILaunchStoryboardName = LaunchScreen;
				INFOPLIST_KEY_UIMainStoryboardFile = Main;
				INFOPLIST_KEY_UISupportedInterfaceOrientations = UIInterfaceOrientationPortrait;
				INFOPLIST_KEY_UISupportedInterfaceOrientations_iPad = "UIInterfaceOrientationPortrait UIInterfaceOrientationPortraitUpsideDown UIInterfaceOrientationLandscapeLeft UIInterfaceOrientationLandscapeRight";
				INFOPLIST_KEY_UISupportedInterfaceOrientations_iPhone = "UIInterfaceOrientationPortrait UIInterfaceOrientationLandscapeLeft UIInterfaceOrientationLandscapeRight";
				LD_RUNPATH_SEARCH_PATHS = (
					"$(inherited)",
					"@executable_path/Frameworks",
				);
				MARKETING_VERSION = 1.0;
				PRODUCT_BUNDLE_IDENTIFIER = com.choi.Sos.youjae;
				PRODUCT_NAME = "$(TARGET_NAME)";
				SWIFT_EMIT_LOC_STRINGS = YES;
				SWIFT_VERSION = 5.0;
				TARGETED_DEVICE_FAMILY = "1,2";
			};
			name = Release;
		};
/* End XCBuildConfiguration section */

/* Begin XCConfigurationList section */
		67C7ECA627E5E7990092A561 /* Build configuration list for PBXProject "Sos" */ = {
			isa = XCConfigurationList;
			buildConfigurations = (
				67C7ECBD27E5E79B0092A561 /* Debug */,
				67C7ECBE27E5E79B0092A561 /* Release */,
			);
			defaultConfigurationIsVisible = 0;
			defaultConfigurationName = Release;
		};
		67C7ECBF27E5E79B0092A561 /* Build configuration list for PBXNativeTarget "Sos" */ = {
			isa = XCConfigurationList;
			buildConfigurations = (
				67C7ECC027E5E79B0092A561 /* Debug */,
				67C7ECC127E5E79B0092A561 /* Release */,
			);
			defaultConfigurationIsVisible = 0;
			defaultConfigurationName = Release;
		};
/* End XCConfigurationList section */
	};
	rootObject = 67C7ECA327E5E7990092A561 /* Project object */;
}
